
Microsoft Visual Studio Solution File, Format Version 12.00
# Visual Studio Version 16
VisualStudioVersion = 16.0.33328.57
MinimumVisualStudioVersion = 10.0.40219.1
Project("{8BC9CEB8-8B4A-11D0-8D11-00A0C91BC942}") = "sort_file_lines", "sort_file_lines.vcxproj", "{954227FC-BC66-4AEC-889B-0D53FE5F43ED}"
EndProject
Global
	GlobalSection(SolutionConfigurationPlatforms) = preSolution
		Debug|x64 = Debug|x64
		Debug|x86 = Debug|x86
		Release|x64 = Release|x64
		Release|x86 = Release|x86
	EndGlobalSection
	GlobalSection(ProjectConfigurationPlatforms) = postSolution
		{954227FC-BC66-4AEC-889B-0D53FE5F43ED}.Debug|x64.ActiveCfg = Debug|x64
		{954227FC-BC66-4AEC-889B-0D53FE5F43ED}.Debug|x64.Build.0 = Debug|x64
		{954227FC-BC66-4AEC-889B-0D53FE5F43ED}.Debug|x86.ActiveCfg = Debug|Win32
		{954227FC-BC66-4AEC-889B-0D53FE5F43ED}.Debug|x86.Build.0 = Debug|Win32
		{954227FC-BC66-4AEC-889B-0D53FE5F43ED}.Release|x64.ActiveCfg = Release|x64
		{954227FC-BC66-4AEC-889B-0D53FE5F43ED}.Release|x64.Build.0 = Release|x64
		{954227FC-BC66-4AEC-889B-0D53FE5F43ED}.Release|x86.ActiveCfg = Release|Win32
		{954227FC-BC66-4AEC-889B-0D53FE5F43ED}.Release|x86.Build.0 = Release|Win32
	EndGlobalSection
	GlobalSection(SolutionProperties) = preSolution
		HideSolutionNode = FALSE
	EndGlobalSection
	GlobalSection(ExtensibilityGlobals) = postSolution
		SolutionGuid = {08D8516F-885F-4159-931A-823E993B8828}
	EndGlobalSection
EndGlobal
