
Microsoft Visual Studio Solution File, Format Version 12.00
# Visual Studio Version 16
VisualStudioVersion = 16.0.33328.57
MinimumVisualStudioVersion = 10.0.40219.1
Project("{8BC9CEB8-8B4A-11D0-8D11-00A0C91BC942}") = "string_examples_5", "string_examples_5\string_examples_5.vcxproj", "{411EFA76-EF84-4676-A5B2-AEE50589716E}"
EndProject
Global
	GlobalSection(SolutionConfigurationPlatforms) = preSolution
		Debug|x64 = Debug|x64
		Debug|x86 = Debug|x86
		Release|x64 = Release|x64
		Release|x86 = Release|x86
	EndGlobalSection
	GlobalSection(ProjectConfigurationPlatforms) = postSolution
		{411EFA76-EF84-4676-A5B2-AEE50589716E}.Debug|x64.ActiveCfg = Debug|x64
		{411EFA76-EF84-4676-A5B2-AEE50589716E}.Debug|x64.Build.0 = Debug|x64
		{411EFA76-EF84-4676-A5B2-AEE50589716E}.Debug|x86.ActiveCfg = Debug|Win32
		{411EFA76-EF84-4676-A5B2-AEE50589716E}.Debug|x86.Build.0 = Debug|Win32
		{411EFA76-EF84-4676-A5B2-AEE50589716E}.Release|x64.ActiveCfg = Release|x64
		{411EFA76-EF84-4676-A5B2-AEE50589716E}.Release|x64.Build.0 = Release|x64
		{411EFA76-EF84-4676-A5B2-AEE50589716E}.Release|x86.ActiveCfg = Release|Win32
		{411EFA76-EF84-4676-A5B2-AEE50589716E}.Release|x86.Build.0 = Release|Win32
	EndGlobalSection
	GlobalSection(SolutionProperties) = preSolution
		HideSolutionNode = FALSE
	EndGlobalSection
	GlobalSection(ExtensibilityGlobals) = postSolution
		SolutionGuid = {7A2648C6-1E3F-4106-9ABA-1D13FEA5972F}
	EndGlobalSection
EndGlobal
