
Microsoft Visual Studio Solution File, Format Version 12.00
# Visual Studio Version 16
VisualStudioVersion = 16.0.30804.86
MinimumVisualStudioVersion = 10.0.40219.1
Project("{8BC9CEB8-8B4A-11D0-8D11-00A0C91BC942}") = "summing_function_example", "summing_function_example\summing_function_example.vcxproj", "{34941DB7-6532-456D-B722-5C9A27954DAA}"
EndProject
Global
	GlobalSection(SolutionConfigurationPlatforms) = preSolution
		Debug|x64 = Debug|x64
		Debug|x86 = Debug|x86
		Release|x64 = Release|x64
		Release|x86 = Release|x86
	EndGlobalSection
	GlobalSection(ProjectConfigurationPlatforms) = postSolution
		{34941DB7-6532-456D-B722-5C9A27954DAA}.Debug|x64.ActiveCfg = Debug|x64
		{34941DB7-6532-456D-B722-5C9A27954DAA}.Debug|x64.Build.0 = Debug|x64
		{34941DB7-6532-456D-B722-5C9A27954DAA}.Debug|x86.ActiveCfg = Debug|Win32
		{34941DB7-6532-456D-B722-5C9A27954DAA}.Debug|x86.Build.0 = Debug|Win32
		{34941DB7-6532-456D-B722-5C9A27954DAA}.Release|x64.ActiveCfg = Release|x64
		{34941DB7-6532-456D-B722-5C9A27954DAA}.Release|x64.Build.0 = Release|x64
		{34941DB7-6532-456D-B722-5C9A27954DAA}.Release|x86.ActiveCfg = Release|Win32
		{34941DB7-6532-456D-B722-5C9A27954DAA}.Release|x86.Build.0 = Release|Win32
	EndGlobalSection
	GlobalSection(SolutionProperties) = preSolution
		HideSolutionNode = FALSE
	EndGlobalSection
	GlobalSection(ExtensibilityGlobals) = postSolution
		SolutionGuid = {8839B0BE-09DC-4A4C-9E86-E7F0DD3777B7}
	EndGlobalSection
EndGlobal
