
Microsoft Visual Studio Solution File, Format Version 12.00
# Visual Studio Version 16
VisualStudioVersion = 16.0.33328.57
MinimumVisualStudioVersion = 10.0.40219.1
Project("{8BC9CEB8-8B4A-11D0-8D11-00A0C91BC942}") = "is_at_end_function", "is_at_end_function.vcxproj", "{257CFD76-0410-455A-BAC5-ED5DCE9F24AF}"
EndProject
Global
	GlobalSection(SolutionConfigurationPlatforms) = preSolution
		Debug|x64 = Debug|x64
		Debug|x86 = Debug|x86
		Release|x64 = Release|x64
		Release|x86 = Release|x86
	EndGlobalSection
	GlobalSection(ProjectConfigurationPlatforms) = postSolution
		{257CFD76-0410-455A-BAC5-ED5DCE9F24AF}.Debug|x64.ActiveCfg = Debug|x64
		{257CFD76-0410-455A-BAC5-ED5DCE9F24AF}.Debug|x64.Build.0 = Debug|x64
		{257CFD76-0410-455A-BAC5-ED5DCE9F24AF}.Debug|x86.ActiveCfg = Debug|Win32
		{257CFD76-0410-455A-BAC5-ED5DCE9F24AF}.Debug|x86.Build.0 = Debug|Win32
		{257CFD76-0410-455A-BAC5-ED5DCE9F24AF}.Release|x64.ActiveCfg = Release|x64
		{257CFD76-0410-455A-BAC5-ED5DCE9F24AF}.Release|x64.Build.0 = Release|x64
		{257CFD76-0410-455A-BAC5-ED5DCE9F24AF}.Release|x86.ActiveCfg = Release|Win32
		{257CFD76-0410-455A-BAC5-ED5DCE9F24AF}.Release|x86.Build.0 = Release|Win32
	EndGlobalSection
	GlobalSection(SolutionProperties) = preSolution
		HideSolutionNode = FALSE
	EndGlobalSection
	GlobalSection(ExtensibilityGlobals) = postSolution
		SolutionGuid = {9A6FAB2B-1E1A-4FBF-BB3F-E19490AF6765}
	EndGlobalSection
EndGlobal
