
Microsoft Visual Studio Solution File, Format Version 12.00
# Visual Studio Version 16
VisualStudioVersion = 16.0.33328.57
MinimumVisualStudioVersion = 10.0.40219.1
Project("{8BC9CEB8-8B4A-11D0-8D11-00A0C91BC942}") = "multi_dimensional_arrays", "multi_dimensional_arrays.vcxproj", "{3FA0CDC2-E828-4488-BEB9-5CEA31A7DBCD}"
EndProject
Global
	GlobalSection(SolutionConfigurationPlatforms) = preSolution
		Debug|x64 = Debug|x64
		Debug|x86 = Debug|x86
		Release|x64 = Release|x64
		Release|x86 = Release|x86
	EndGlobalSection
	GlobalSection(ProjectConfigurationPlatforms) = postSolution
		{3FA0CDC2-E828-4488-BEB9-5CEA31A7DBCD}.Debug|x64.ActiveCfg = Debug|x64
		{3FA0CDC2-E828-4488-BEB9-5CEA31A7DBCD}.Debug|x64.Build.0 = Debug|x64
		{3FA0CDC2-E828-4488-BEB9-5CEA31A7DBCD}.Debug|x86.ActiveCfg = Debug|Win32
		{3FA0CDC2-E828-4488-BEB9-5CEA31A7DBCD}.Debug|x86.Build.0 = Debug|Win32
		{3FA0CDC2-E828-4488-BEB9-5CEA31A7DBCD}.Release|x64.ActiveCfg = Release|x64
		{3FA0CDC2-E828-4488-BEB9-5CEA31A7DBCD}.Release|x64.Build.0 = Release|x64
		{3FA0CDC2-E828-4488-BEB9-5CEA31A7DBCD}.Release|x86.ActiveCfg = Release|Win32
		{3FA0CDC2-E828-4488-BEB9-5CEA31A7DBCD}.Release|x86.Build.0 = Release|Win32
	EndGlobalSection
	GlobalSection(SolutionProperties) = preSolution
		HideSolutionNode = FALSE
	EndGlobalSection
	GlobalSection(ExtensibilityGlobals) = postSolution
		SolutionGuid = {7A13231F-7CB3-48E4-BD63-6E79A98C5D40}
	EndGlobalSection
EndGlobal
