
Microsoft Visual Studio Solution File, Format Version 12.00
# Visual Studio Version 16
VisualStudioVersion = 16.0.33328.57
MinimumVisualStudioVersion = 10.0.40219.1
Project("{8BC9CEB8-8B4A-11D0-8D11-00A0C91BC942}") = "string_examples_2", "string_examples_2\string_examples_2.vcxproj", "{08487C43-5DB3-40AF-B515-AB71970AB2FB}"
EndProject
Global
	GlobalSection(SolutionConfigurationPlatforms) = preSolution
		Debug|x64 = Debug|x64
		Debug|x86 = Debug|x86
		Release|x64 = Release|x64
		Release|x86 = Release|x86
	EndGlobalSection
	GlobalSection(ProjectConfigurationPlatforms) = postSolution
		{08487C43-5DB3-40AF-B515-AB71970AB2FB}.Debug|x64.ActiveCfg = Debug|x64
		{08487C43-5DB3-40AF-B515-AB71970AB2FB}.Debug|x64.Build.0 = Debug|x64
		{08487C43-5DB3-40AF-B515-AB71970AB2FB}.Debug|x86.ActiveCfg = Debug|Win32
		{08487C43-5DB3-40AF-B515-AB71970AB2FB}.Debug|x86.Build.0 = Debug|Win32
		{08487C43-5DB3-40AF-B515-AB71970AB2FB}.Release|x64.ActiveCfg = Release|x64
		{08487C43-5DB3-40AF-B515-AB71970AB2FB}.Release|x64.Build.0 = Release|x64
		{08487C43-5DB3-40AF-B515-AB71970AB2FB}.Release|x86.ActiveCfg = Release|Win32
		{08487C43-5DB3-40AF-B515-AB71970AB2FB}.Release|x86.Build.0 = Release|Win32
	EndGlobalSection
	GlobalSection(SolutionProperties) = preSolution
		HideSolutionNode = FALSE
	EndGlobalSection
	GlobalSection(ExtensibilityGlobals) = postSolution
		SolutionGuid = {99438A86-0E07-421E-835C-69BA526E3A4B}
	EndGlobalSection
EndGlobal
