
Microsoft Visual Studio Solution File, Format Version 12.00
# Visual Studio Version 16
VisualStudioVersion = 16.0.33328.57
MinimumVisualStudioVersion = 10.0.40219.1
Project("{8BC9CEB8-8B4A-11D0-8D11-00A0C91BC942}") = "call_by_reference", "call_by_reference.vcxproj", "{053B370A-150D-4DC7-BF2B-AA0C1CD910CF}"
EndProject
Global
	GlobalSection(SolutionConfigurationPlatforms) = preSolution
		Debug|x64 = Debug|x64
		Debug|x86 = Debug|x86
		Release|x64 = Release|x64
		Release|x86 = Release|x86
	EndGlobalSection
	GlobalSection(ProjectConfigurationPlatforms) = postSolution
		{053B370A-150D-4DC7-BF2B-AA0C1CD910CF}.Debug|x64.ActiveCfg = Debug|x64
		{053B370A-150D-4DC7-BF2B-AA0C1CD910CF}.Debug|x64.Build.0 = Debug|x64
		{053B370A-150D-4DC7-BF2B-AA0C1CD910CF}.Debug|x86.ActiveCfg = Debug|Win32
		{053B370A-150D-4DC7-BF2B-AA0C1CD910CF}.Debug|x86.Build.0 = Debug|Win32
		{053B370A-150D-4DC7-BF2B-AA0C1CD910CF}.Release|x64.ActiveCfg = Release|x64
		{053B370A-150D-4DC7-BF2B-AA0C1CD910CF}.Release|x64.Build.0 = Release|x64
		{053B370A-150D-4DC7-BF2B-AA0C1CD910CF}.Release|x86.ActiveCfg = Release|Win32
		{053B370A-150D-4DC7-BF2B-AA0C1CD910CF}.Release|x86.Build.0 = Release|Win32
	EndGlobalSection
	GlobalSection(SolutionProperties) = preSolution
		HideSolutionNode = FALSE
	EndGlobalSection
	GlobalSection(ExtensibilityGlobals) = postSolution
		SolutionGuid = {A5C1294E-5BE6-490A-AFE0-13F99BF4B7FD}
	EndGlobalSection
EndGlobal
